
Microsoft Visual Studio Solution File, Format Version 12.00
# Visual Studio Version 17
VisualStudioVersion = 17.3.32714.290
MinimumVisualStudioVersion = 10.0.40219.1
Project("{2150E333-8FDC-42A3-9474-1A3956D46DE8}") = "ControlPanel.Arduino", "ControlPanel.Arduino", "{A2CA6DB1-839C-43BD-A451-05383B7F708A}"
	ProjectSection(SolutionItems) = preProject
		MotorizedFader.cpp = MotorizedFader.cpp
	EndProjectSection
EndProject
Project("{9A19103F-16F7-4668-BE54-9A1E7A4F7556}") = "ControlPanel.Core", "ControlPanel.Core\ControlPanel.Core.csproj", "{2B9A9D50-C1F8-4573-85E0-61A0D6010BCD}"
EndProject
Project("{9A19103F-16F7-4668-BE54-9A1E7A4F7556}") = "ControlPanel.Service", "ControlPanel.Service\ControlPanel.Service.csproj", "{4B38B6B4-DBED-4E07-A305-C2636613D514}"
EndProject
Project("{FAE04EC0-301F-11D3-BF4B-00C04F79EFBC}") = "ControlPanel.TaskTray", "ControlPanel.TaskTray\ControlPanel.TaskTray.csproj", "{131A0E02-391D-4458-83A7-954BC4CC5744}"
EndProject
Global
	GlobalSection(SolutionConfigurationPlatforms) = preSolution
		Debug|Any CPU = Debug|Any CPU
		Release|Any CPU = Release|Any CPU
	EndGlobalSection
	GlobalSection(ProjectConfigurationPlatforms) = postSolution
		{2B9A9D50-C1F8-4573-85E0-61A0D6010BCD}.Debug|Any CPU.ActiveCfg = Debug|Any CPU
		{2B9A9D50-C1F8-4573-85E0-61A0D6010BCD}.Debug|Any CPU.Build.0 = Debug|Any CPU
		{2B9A9D50-C1F8-4573-85E0-61A0D6010BCD}.Release|Any CPU.ActiveCfg = Release|Any CPU
		{2B9A9D50-C1F8-4573-85E0-61A0D6010BCD}.Release|Any CPU.Build.0 = Release|Any CPU
		{4B38B6B4-DBED-4E07-A305-C2636613D514}.Debug|Any CPU.ActiveCfg = Debug|Any CPU
		{4B38B6B4-DBED-4E07-A305-C2636613D514}.Debug|Any CPU.Build.0 = Debug|Any CPU
		{4B38B6B4-DBED-4E07-A305-C2636613D514}.Release|Any CPU.ActiveCfg = Release|Any CPU
		{4B38B6B4-DBED-4E07-A305-C2636613D514}.Release|Any CPU.Build.0 = Release|Any CPU
		{131A0E02-391D-4458-83A7-954BC4CC5744}.Debug|Any CPU.ActiveCfg = Debug|Any CPU
		{131A0E02-391D-4458-83A7-954BC4CC5744}.Debug|Any CPU.Build.0 = Debug|Any CPU
		{131A0E02-391D-4458-83A7-954BC4CC5744}.Release|Any CPU.ActiveCfg = Release|Any CPU
		{131A0E02-391D-4458-83A7-954BC4CC5744}.Release|Any CPU.Build.0 = Release|Any CPU
	EndGlobalSection
	GlobalSection(SolutionProperties) = preSolution
		HideSolutionNode = FALSE
	EndGlobalSection
	GlobalSection(ExtensibilityGlobals) = postSolution
		SolutionGuid = {8B08C4B3-1331-44C0-932F-F2C700F9090D}
	EndGlobalSection
EndGlobal
