<?xml version="1.0" encoding="utf-8"?>
<Project ToolsVersion="4.0" xmlns="http://schemas.microsoft.com/developer/msbuild/2003">
  <ItemGroup>
    <Filter Include="Source Files">
      <UniqueIdentifier>{4FC737F1-C7A5-4376-A066-2A32D752A2FF}</UniqueIdentifier>
      <Extensions>cpp;c;cc;cxx;def;odl;idl;hpj;bat;asm;asmx</Extensions>
    </Filter>
    <Filter Include="Header Files">
      <UniqueIdentifier>{93995380-89BD-4b04-88EB-625FBE52EBFB}</UniqueIdentifier>
      <Extensions>h;hh;hpp;hxx;hm;inl;inc;xsd</Extensions>
    </Filter>
    <Filter Include="Misc Files">
      <UniqueIdentifier>{67DA6AB6-F800-4c08-8B7A-83BB121AAD01}</UniqueIdentifier>
      <Extensions>xml;json;txt;rc;ico;cur;bmp;dlg;rc2;rct;bin;rgs;gif;jpg;jpeg;jpe;resx;tiff;tif;png;wav;mfcribbon-ms</Extensions>
    </Filter>
    <Filter Include="src">
      <UniqueIdentifier>{f23fa2d2-6375-43ef-85e7-c035953d5986}</UniqueIdentifier>
    </Filter>
    <Filter Include="src\_micro-api">
      <UniqueIdentifier>{5b1cd7a2-04c2-4bfd-8b36-c3414a62e65c}</UniqueIdentifier>
    </Filter>
    <Filter Include="src\_micro-api\libraries">
      <UniqueIdentifier>{32287877-9e75-4242-9d65-95cb62ab1aad}</UniqueIdentifier>
    </Filter>
  </ItemGroup>
  <ItemGroup>
    <ClCompile Include="src\Slide.cpp">
      <Filter>Source Files</Filter>
    </ClCompile>
    <ClCompile Include="ControlPanel.Arduino.MQTT.ino" />
  </ItemGroup>
  <ItemGroup>
    <ClInclude Include="src\Slide.h">
      <Filter>Header Files</Filter>
    </ClInclude>
    <ClInclude Include="__vm\.ControlPanel.Arduino.MQTT.vsarduino.h">
      <Filter>Header Files</Filter>
    </ClInclude>
  </ItemGroup>
</Project>